[[package]]
category = "main"
description = "NumPy is the fundamental package for array computing with Python."
name = "numpy"
optional = false
python-versions = ">=3.5"
version = "1.18.3"

[[package]]
category = "main"
description = "Wrapper package for OpenCV python bindings."
name = "opencv-python"
optional = false
python-versions = "*"
version = "4.2.0.34"

[package.dependencies]
numpy = ">=1.11.1"

[metadata]
content-hash = "7e29fcb4a682f2fbb3d1463a6114241fdddcf123bbdceba7bea4bdbe0588297b"
python-versions = "^3.8"

[metadata.hashes]
numpy = ["0aa2b318cf81eb1693fcfcbb8007e95e231d7e1aa24288137f3b19905736c3ee", "163c78c04f47f26ca1b21068cea25ed7c5ecafe5f5ab2ea4895656a750582b56", "1e37626bcb8895c4b3873fcfd54e9bfc5ffec8d0f525651d6985fcc5c6b6003c", "264fd15590b3f02a1fbc095e7e1f37cdac698ff3829e12ffdcffdce3772f9d44", "3d9e1554cd9b5999070c467b18e5ae3ebd7369f02706a8850816f576a954295f", "40c24960cd5cec55222963f255858a1c47c6fa50a65a5b03fd7de75e3700eaaa", "46f404314dbec78cb342904f9596f25f9b16e7cf304030f1339e553c8e77f51c", "4847f0c993298b82fad809ea2916d857d0073dc17b0510fbbced663b3265929d", "48e15612a8357393d176638c8f68a19273676877caea983f8baf188bad430379", "6725d2797c65598778409aba8cd67077bb089d5b7d3d87c2719b206dc84ec05e", "99f0ba97e369f02a21bb95faa3a0de55991fd5f0ece2e30a9e2eaebeac238921", "a41f303b3f9157a31ce7203e3ca757a0c40c96669e72d9b6ee1bce8507638970", "a4305564e93f5c4584f6758149fd446df39fd1e0a8c89ca0deb3cce56106a027", "a551d8cc267c634774830086da42e4ba157fa41dd3b93982bc9501b284b0c689", "a6bc9432c2640b008d5f29bad737714eb3e14bb8854878eacf3d7955c4e91c36", "c60175d011a2e551a2f74c84e21e7c982489b96b6a5e4b030ecdeacf2914da68", "e46e2384209c91996d5ec16744234d1c906ab79a701ce1a26155c9ec890b8dc8", "e607b8cdc2ae5d5a63cd1bec30a15b5ed583ac6a39f04b7ba0f03fcfbf29c05b", "e94a39d5c40fffe7696009dbd11bc14a349b377e03a384ed011e03d698787dd3", "eb2286249ebfe8fcb5b425e5ec77e4736d53ee56d3ad296f8947f67150f495e3", "fdee7540d12519865b423af411bd60ddb513d2eb2cd921149b732854995bbf8b"]
opencv-python = ["068928b9907b3d3acd53b129062557d6b0b8b324bfade77f028dbe4dfe482bf2", "0e7c91718351449877c2d4141abd64eee1f9c8701bcfaf4e8627bd023e303368", "1ab92d807427641ec45d28d5907426aa06b4ffd19c5b794729c74d91cd95090e", "31d634dea1b47c231b88d384f90605c598214d0c596443c9bb808e11761829f5", "5fdfc0bed37315f27d30ae5ae9bad47ec0a0a28c323739d39c8177b7e0929238", "6fa8fac14dd5af4819d475f74af12d65fbbfa391d3110c3a972934a5e6507c24", "78cc89ebc808886eb190626ee71ab65e47f374121975f86e4d5f7c0e3ce6bed9", "7c7ba11720d01cb572b4b6945d115cb103462c0a28996b44d4e540d06e6a90fd", "a37ee82f1b8ed4b4645619c504311e71ce845b78f40055e78d71add5fab7da82", "aa3ca1f54054e1c6439fdf1edafa2a2b940a9eaac04a7b422a1cba9b2d7b9690", "b9de3dd956574662712da8e285f0f54327959a4e95b96a2847d3c3f5ee7b96e2", "c0087b428cef9a32d977390656d91b02245e0e91f909870492df7e39202645dd", "d87e506ab205799727f0efa34b3888949bf029a3ada5eb000ff632606370ca6e", "d8a55585631f9c9eca4b1a996e9732ae023169cf2f46f69e4518d67d96198226", "dcb8da8c5ebaa6360c8555547a4c7beb6cd983dd95ba895bb78b86cc8cf3de2b", "e2206bb8c17c0f212f1f356d82d72dd090ff4651994034416da9bf0c29732825", "e3c57d6579e5bf85f564d6d48d8ee89868b92879a9232b9975d072c346625e92", "ef89cbf332b9a735d8a82e9ff79cc743eeeb775ad1cd7100bc2aa2429b496f07", "f45c1c3cdda1857bedd4dfe0bbd49c9419af0cc57f33490341edeae97d18f037", "fb3c855347310788e4286b867997be354c55535597966ed5dac876d9166013a4"]
